
Microsoft Visual Studio Solution File, Format Version 12.00
# Visual Studio Version 17
VisualStudioVersion = 17.11.35431.28
MinimumVisualStudioVersion = 10.0.40219.1
Project("{FAE04EC0-301F-11D3-BF4B-00C04F79EFBC}") = "Shamia.API", "Shamia.API\Shamia.API.csproj", "{8F15A7F9-E8A1-4911-8396-B80A2EA8C96F}"
EndProject
Project("{FAE04EC0-301F-11D3-BF4B-00C04F79EFBC}") = "Shamia.DataAccessLayer", "Shamia.DataAccessLayer\Shamia.DataAccessLayer.csproj", "{7F19D15F-FA8F-440D-9C76-5B8B6EBF1892}"
EndProject
Global
	GlobalSection(SolutionConfigurationPlatforms) = preSolution
		Debug|Any CPU = Debug|Any CPU
		Release|Any CPU = Release|Any CPU
	EndGlobalSection
	GlobalSection(ProjectConfigurationPlatforms) = postSolution
		{8F15A7F9-E8A1-4911-8396-B80A2EA8C96F}.Debug|Any CPU.ActiveCfg = Debug|Any CPU
		{8F15A7F9-E8A1-4911-8396-B80A2EA8C96F}.Debug|Any CPU.Build.0 = Debug|Any CPU
		{8F15A7F9-E8A1-4911-8396-B80A2EA8C96F}.Release|Any CPU.ActiveCfg = Release|Any CPU
		{8F15A7F9-E8A1-4911-8396-B80A2EA8C96F}.Release|Any CPU.Build.0 = Release|Any CPU
		{7F19D15F-FA8F-440D-9C76-5B8B6EBF1892}.Debug|Any CPU.ActiveCfg = Debug|Any CPU
		{7F19D15F-FA8F-440D-9C76-5B8B6EBF1892}.Debug|Any CPU.Build.0 = Debug|Any CPU
		{7F19D15F-FA8F-440D-9C76-5B8B6EBF1892}.Release|Any CPU.ActiveCfg = Release|Any CPU
		{7F19D15F-FA8F-440D-9C76-5B8B6EBF1892}.Release|Any CPU.Build.0 = Release|Any CPU
	EndGlobalSection
	GlobalSection(SolutionProperties) = preSolution
		HideSolutionNode = FALSE
	EndGlobalSection
	GlobalSection(ExtensibilityGlobals) = postSolution
		SolutionGuid = {CADCEAFA-CC89-48C2-9505-C82089EFE5E1}
	EndGlobalSection
EndGlobal
